
Microsoft Visual Studio Solution File, Format Version 12.00
# Visual Studio Version 17
VisualStudioVersion = 17.3.32811.315
MinimumVisualStudioVersion = 10.0.40219.1
Project("{FAE04EC0-301F-11D3-BF4B-00C04F79EFBC}") = "HumansApis", "HumansApis\HumansApis.csproj", "{58A68C80-2CE1-41A0-A2DE-8ADAD9F0C41C}"
EndProject
Global
	GlobalSection(SolutionConfigurationPlatforms) = preSolution
		Debug|Any CPU = Debug|Any CPU
		Release|Any CPU = Release|Any CPU
	EndGlobalSection
	GlobalSection(ProjectConfigurationPlatforms) = postSolution
		{58A68C80-2CE1-41A0-A2DE-8ADAD9F0C41C}.Debug|Any CPU.ActiveCfg = Debug|Any CPU
		{58A68C80-2CE1-41A0-A2DE-8ADAD9F0C41C}.Debug|Any CPU.Build.0 = Debug|Any CPU
		{58A68C80-2CE1-41A0-A2DE-8ADAD9F0C41C}.Release|Any CPU.ActiveCfg = Release|Any CPU
		{58A68C80-2CE1-41A0-A2DE-8ADAD9F0C41C}.Release|Any CPU.Build.0 = Release|Any CPU
	EndGlobalSection
	GlobalSection(SolutionProperties) = preSolution
		HideSolutionNode = FALSE
	EndGlobalSection
	GlobalSection(ExtensibilityGlobals) = postSolution
		SolutionGuid = {CCEDAD38-2576-4251-9AA5-8F5F68A30245}
	EndGlobalSection
EndGlobal
